
Microsoft Visual Studio Solution File, Format Version 12.00
# Visual Studio Version 17
VisualStudioVersion = 17.8.34408.163
MinimumVisualStudioVersion = 10.0.40219.1
Project("{FAE04EC0-301F-11D3-BF4B-00C04F79EFBC}") = "questvault.Server", "questvault.Server\questvault.Server.csproj", "{618CABC4-B435-4446-BE5E-D81A9CA0BBE7}"
EndProject
Project("{54A90642-561A-4BB1-A94E-469ADEE60C69}") = "questvault.client", "questvault.client\questvault.client.esproj", "{A614B27D-BFD7-4E07-ADB1-0F35CA8B6F49}"
EndProject
Global
	GlobalSection(SolutionConfigurationPlatforms) = preSolution
		Debug|Any CPU = Debug|Any CPU
		Release|Any CPU = Release|Any CPU
	EndGlobalSection
	GlobalSection(ProjectConfigurationPlatforms) = postSolution
		{618CABC4-B435-4446-BE5E-D81A9CA0BBE7}.Debug|Any CPU.ActiveCfg = Debug|Any CPU
		{618CABC4-B435-4446-BE5E-D81A9CA0BBE7}.Debug|Any CPU.Build.0 = Debug|Any CPU
		{618CABC4-B435-4446-BE5E-D81A9CA0BBE7}.Release|Any CPU.ActiveCfg = Release|Any CPU
		{618CABC4-B435-4446-BE5E-D81A9CA0BBE7}.Release|Any CPU.Build.0 = Release|Any CPU
		{A614B27D-BFD7-4E07-ADB1-0F35CA8B6F49}.Debug|Any CPU.ActiveCfg = Debug|Any CPU
		{A614B27D-BFD7-4E07-ADB1-0F35CA8B6F49}.Debug|Any CPU.Build.0 = Debug|Any CPU
		{A614B27D-BFD7-4E07-ADB1-0F35CA8B6F49}.Debug|Any CPU.Deploy.0 = Debug|Any CPU
		{A614B27D-BFD7-4E07-ADB1-0F35CA8B6F49}.Release|Any CPU.ActiveCfg = Release|Any CPU
		{A614B27D-BFD7-4E07-ADB1-0F35CA8B6F49}.Release|Any CPU.Build.0 = Release|Any CPU
		{A614B27D-BFD7-4E07-ADB1-0F35CA8B6F49}.Release|Any CPU.Deploy.0 = Release|Any CPU
	EndGlobalSection
	GlobalSection(SolutionProperties) = preSolution
		HideSolutionNode = FALSE
	EndGlobalSection
	GlobalSection(ExtensibilityGlobals) = postSolution
		SolutionGuid = {8AA373AF-5EFC-498E-879A-0C005C3AE984}
	EndGlobalSection
EndGlobal
